
Microsoft Visual Studio Solution File, Format Version 12.00
# Visual Studio 15
VisualStudioVersion = 15.0.35213.121
MinimumVisualStudioVersion = 10.0.40219.1
Project("{FAE04EC0-301F-11D3-BF4B-00C04F79EFBC}") = "DoodleWoodle", "DoodleWoodle\DoodleWoodle.csproj", "{21D451C2-85E1-4C0B-881A-0CBDB2CAEA9B}"
EndProject
Global
	GlobalSection(SolutionConfigurationPlatforms) = preSolution
		Debug|Any CPU = Debug|Any CPU
		Release|Any CPU = Release|Any CPU
	EndGlobalSection
	GlobalSection(ProjectConfigurationPlatforms) = postSolution
		{21D451C2-85E1-4C0B-881A-0CBDB2CAEA9B}.Debug|Any CPU.ActiveCfg = Debug|Any CPU
		{21D451C2-85E1-4C0B-881A-0CBDB2CAEA9B}.Debug|Any CPU.Build.0 = Debug|Any CPU
		{21D451C2-85E1-4C0B-881A-0CBDB2CAEA9B}.Release|Any CPU.ActiveCfg = Release|Any CPU
		{21D451C2-85E1-4C0B-881A-0CBDB2CAEA9B}.Release|Any CPU.Build.0 = Release|Any CPU
	EndGlobalSection
	GlobalSection(SolutionProperties) = preSolution
		HideSolutionNode = FALSE
	EndGlobalSection
	GlobalSection(ExtensibilityGlobals) = postSolution
		SolutionGuid = {DF3F1410-5E24-4EFC-B56F-D39E3C3894CA}
	EndGlobalSection
EndGlobal
